// !$*UTF8*$!
{
	archiveVersion = 1;
	classes = {
	};
	objectVersion = 46;
	objects = {

/* Begin PBXBuildFile section */
		00E356F31AD99517003FC87E /* ClerkedAppTests.m in Sources */ = {isa = PBXBuildFile; fileRef = 00E356F21AD99517003FC87E /* ClerkedAppTests.m */; };
		13B07FBC1A68108700A75B9A /* AppDelegate.m in Sources */ = {isa = PBXBuildFile; fileRef = 13B07FB01A68108700A75B9A /* AppDelegate.m */; };
		13B07FBF1A68108700A75B9A /* Images.xcassets in Resources */ = {isa = PBXBuildFile; fileRef = 13B07FB51A68108700A75B9A /* Images.xcassets */; };
		13B07FC11A68108700A75B9A /* main.m in Sources */ = {isa = PBXBuildFile; fileRef = 13B07FB71A68108700A75B9A /* main.m */; };
		2D02E4BC1E0B4A80006451C7 /* AppDelegate.m in Sources */ = {isa = PBXBuildFile; fileRef = 13B07FB01A68108700A75B9A /* AppDelegate.m */; };
		2D02E4BD1E0B4A84006451C7 /* Images.xcassets in Resources */ = {isa = PBXBuildFile; fileRef = 13B07FB51A68108700A75B9A /* Images.xcassets */; };
		2D02E4BF1E0B4AB3006451C7 /* main.m in Sources */ = {isa = PBXBuildFile; fileRef = 13B07FB71A68108700A75B9A /* main.m */; };
		2DCD954D1E0B4F2C00145EB5 /* ClerkedAppTests.m in Sources */ = {isa = PBXBuildFile; fileRef = 00E356F21AD99517003FC87E /* ClerkedAppTests.m */; };
		81AB9BB82411601600AC10FF /* LaunchScreen.storyboard in Resources */ = {isa = PBXBuildFile; fileRef = 81AB9BB72411601600AC10FF /* LaunchScreen.storyboard */; };
		7525908EF640420C92FF951F /* AntDesign.ttf in Resources */ = {isa = PBXBuildFile; fileRef = 369A36F7DDA54529BF64B1E3 /* AntDesign.ttf */; };
		57EDA251F7A54BAAB69361E4 /* Entypo.ttf in Resources */ = {isa = PBXBuildFile; fileRef = DE983E09F4A546388B5C4A1B /* Entypo.ttf */; };
		1208332992664DE1A77B3655 /* EvilIcons.ttf in Resources */ = {isa = PBXBuildFile; fileRef = 45DB702DCE23495E8C2C2800 /* EvilIcons.ttf */; };
		2DD109D1CFBB4CC3A83F3929 /* Feather.ttf in Resources */ = {isa = PBXBuildFile; fileRef = 3B02B4675A4343FF92F14172 /* Feather.ttf */; };
		38305F83E9D24744848D2EAC /* FontAwesome.ttf in Resources */ = {isa = PBXBuildFile; fileRef = D6A53E78CE4E4385B19B23A3 /* FontAwesome.ttf */; };
		0AEC65B7929345FD8C0C14CF /* FontAwesome5_Brands.ttf in Resources */ = {isa = PBXBuildFile; fileRef = 0F81D1B8DA804062A3952554 /* FontAwesome5_Brands.ttf */; };
		86C08F77D27A4920B66DAD83 /* FontAwesome5_Regular.ttf in Resources */ = {isa = PBXBuildFile; fileRef = 64B335EC53A748908A52F866 /* FontAwesome5_Regular.ttf */; };
		8A9BDAF0AFE54408A8311EBD /* FontAwesome5_Solid.ttf in Resources */ = {isa = PBXBuildFile; fileRef = 5349F96283F04C488A86CF6A /* FontAwesome5_Solid.ttf */; };
		6234FDA012F74B04B9AE4784 /* Fontisto.ttf in Resources */ = {isa = PBXBuildFile; fileRef = F1AA73FF59074DC480AE2218 /* Fontisto.ttf */; };
		47BA3F3FC6EF42EE91B29D2B /* Foundation.ttf in Resources */ = {isa = PBXBuildFile; fileRef = 28E96346FA994370B912F325 /* Foundation.ttf */; };
		1C6E8CF9F23149E9AAB5FBE6 /* Ionicons.ttf in Resources */ = {isa = PBXBuildFile; fileRef = 0C5B88BEAA38472CA7E701A9 /* Ionicons.ttf */; };
		E664D5FDCE7E48C49EF04D5B /* MaterialCommunityIcons.ttf in Resources */ = {isa = PBXBuildFile; fileRef = 9D183A4D418B4288A47BDC3D /* MaterialCommunityIcons.ttf */; };
		A1A53D693E1448C1976E740F /* MaterialIcons.ttf in Resources */ = {isa = PBXBuildFile; fileRef = EA46E79E90624E41B9A99A43 /* MaterialIcons.ttf */; };
		BC0C551BD79C4D98B1A0DF23 /* Octicons.ttf in Resources */ = {isa = PBXBuildFile; fileRef = 900102885ABD483DA9EB012F /* Octicons.ttf */; };
		F68623954CCE401C883CD1D9 /* SimpleLineIcons.ttf in Resources */ = {isa = PBXBuildFile; fileRef = 5738656D27554DE1B8A797A6 /* SimpleLineIcons.ttf */; };
		D7644F83EE604C6C9CEADEC1 /* Zocial.ttf in Resources */ = {isa = PBXBuildFile; fileRef = 957895265D244182A32EBDE3 /* Zocial.ttf */; };
		6E14515C048443A4A4B93C34 /* AntDesign.ttf in Resources */ = {isa = PBXBuildFile; fileRef = A187BF4D2B1E4C5392AA89F3 /* AntDesign.ttf */; };
		09BC02D259744864822B0126 /* Entypo.ttf in Resources */ = {isa = PBXBuildFile; fileRef = 0F8F2C7D27E14AE182B2843F /* Entypo.ttf */; };
		5DD2E5725DA9442CB8868348 /* EvilIcons.ttf in Resources */ = {isa = PBXBuildFile; fileRef = BD918A8D50D2405E9FB8E987 /* EvilIcons.ttf */; };
		2C7294CACA144CEA85A40479 /* Feather.ttf in Resources */ = {isa = PBXBuildFile; fileRef = 88398F4BC3064CECBC728B0A /* Feather.ttf */; };
		95B798F6159D47E9A6824A0F /* FontAwesome.ttf in Resources */ = {isa = PBXBuildFile; fileRef = F4B0D5C3CEE147D2AD82DB97 /* FontAwesome.ttf */; };
		C68477A543184C75B63CBE49 /* FontAwesome5_Brands.ttf in Resources */ = {isa = PBXBuildFile; fileRef = 17E6C2F0292C4F59A6946B27 /* FontAwesome5_Brands.ttf */; };
		131DCD8ACCA543A4B96B4638 /* FontAwesome5_Regular.ttf in Resources */ = {isa = PBXBuildFile; fileRef = AB4877590B2A4C188C3EBEC6 /* FontAwesome5_Regular.ttf */; };
		2E485945BC7B4467B7128AE1 /* FontAwesome5_Solid.ttf in Resources */ = {isa = PBXBuildFile; fileRef = 2B250B1D3B894BCF89106B4D /* FontAwesome5_Solid.ttf */; };
		D0B4269F209E40D19A95D921 /* Fontisto.ttf in Resources */ = {isa = PBXBuildFile; fileRef = 137193D7F78E46EF99000E95 /* Fontisto.ttf */; };
		2A88C4DD28204167807A7384 /* Foundation.ttf in Resources */ = {isa = PBXBuildFile; fileRef = 3B3C1A3F25FC448DBAAA928C /* Foundation.ttf */; };
		5BD50AA3A6EA4AAB87929AF3 /* Ionicons.ttf in Resources */ = {isa = PBXBuildFile; fileRef = 1551E2C1F54F4373AEDC92EA /* Ionicons.ttf */; };
		688EAF8343694F77815E658E /* MaterialCommunityIcons.ttf in Resources */ = {isa = PBXBuildFile; fileRef = 218F05273D464896AC17C3FC /* MaterialCommunityIcons.ttf */; };
		0392C72BC25B4D64A42C1725 /* MaterialIcons.ttf in Resources */ = {isa = PBXBuildFile; fileRef = 42B60757CBB94096A5515B44 /* MaterialIcons.ttf */; };
		7CE85D11909740CCA6A75A7E /* Octicons.ttf in Resources */ = {isa = PBXBuildFile; fileRef = 07C4277C41C745D48044CC2A /* Octicons.ttf */; };
		4F93F535AB394AA0BA90974A /* Roboto_medium.ttf in Resources */ = {isa = PBXBuildFile; fileRef = FDBC91BF27CA46E2A5000FEE /* Roboto_medium.ttf */; };
		73A9CA1BB3FB4B1B9F44D198 /* Roboto.ttf in Resources */ = {isa = PBXBuildFile; fileRef = 9DC919E70FBE464CAA748197 /* Roboto.ttf */; };
		5A92F7DC9EC8444E83A125CB /* rubicon-icon-font.ttf in Resources */ = {isa = PBXBuildFile; fileRef = 0353A1E2DF5F4855930C24DC /* rubicon-icon-font.ttf */; };
		18EFA1F8B8B64135BD9FAB68 /* SimpleLineIcons.ttf in Resources */ = {isa = PBXBuildFile; fileRef = 24474F02C63946D88931EFE3 /* SimpleLineIcons.ttf */; };
		B3D2F71368DE49558E5906C1 /* Zocial.ttf in Resources */ = {isa = PBXBuildFile; fileRef = C7DF333F549D468FA5E966C1 /* Zocial.ttf */; };
		9F810ECDFABA491C9988BBFD /* Proxima Nova Alt Bold.otf in Resources */ = {isa = PBXBuildFile; fileRef = C3EDE27371CB4BBBBE7D8D8A /* Proxima Nova Alt Bold.otf */; };
		B38AFFD0D680402D84DAA98F /* Proxima Nova Alt Light.otf in Resources */ = {isa = PBXBuildFile; fileRef = F314A48C1262434B837CB5F3 /* Proxima Nova Alt Light.otf */; };
		C1D61E602AAD4389A4189C21 /* Proxima Nova Alt Thin.otf in Resources */ = {isa = PBXBuildFile; fileRef = 7295408FB4D348D6A3B5EFEA /* Proxima Nova Alt Thin.otf */; };
		739071CA2DF74A80B576E1F7 /* Proxima Nova Black.otf in Resources */ = {isa = PBXBuildFile; fileRef = 013C5714A4474A47BCD31CE4 /* Proxima Nova Black.otf */; };
		C2D440677506470E92DABE53 /* Proxima-Nova-Bold.otf in Resources */ = {isa = PBXBuildFile; fileRef = CCD7A2F572334D718FCBEF11 /* Proxima-Nova-Bold.otf */; };
		6A625EF62D0946779151ABBD /* Proxima Nova Extrabold.otf in Resources */ = {isa = PBXBuildFile; fileRef = 7D8B6020A7704AF796F0DFFA /* Proxima Nova Extrabold.otf */; };
		4E9CE9CDEC2645959DAC3C72 /* Proxima Nova Thin.otf in Resources */ = {isa = PBXBuildFile; fileRef = 57F65B399A00490C881A9C6E /* Proxima Nova Thin.otf */; };
		2B741D4008EE4A0280F998C9 /* Proxima-Nova-Regular-Regular.otf in Resources */ = {isa = PBXBuildFile; fileRef = 2C5C74A9CE804D469A2FD21D /* Proxima-Nova-Regular-Regular.otf */; };
		7996070F6126433D8D973261 /* Proxima-Nova-Regular.ttf in Resources */ = {isa = PBXBuildFile; fileRef = E882BA5741494E2A92337A40 /* Proxima-Nova-Regular.ttf */; };
		0018E7EB03B24BF5A27D400A /* FontsFree-Net-Proxima-Nova-Sbold.otf in Resources */ = {isa = PBXBuildFile; fileRef = 8134C88909C24AD9815EE23A /* FontsFree-Net-Proxima-Nova-Sbold.otf */; };
		1D2970249E3747E39EFCF3AF /* Proxima Nova Semibold.ttf in Resources */ = {isa = PBXBuildFile; fileRef = 65FF6AFDFC8B4F4294122029 /* Proxima Nova Semibold.ttf */; };
		4FC11EFB09CA4A4FBBF03483 /* Proxima-Nova-Bold.ttf in Resources */ = {isa = PBXBuildFile; fileRef = C04C7A72DF1347C99B306ED3 /* Proxima-Nova-Bold.ttf */; };
		A631963948E14A7B94D6B1A1 /* Proxima-Nova-Regular.ttf in Resources */ = {isa = PBXBuildFile; fileRef = 952A8B5FF7354E3D809B6267 /* Proxima-Nova-Regular.ttf */; };
		93349FB72DEE43D1AA566726 /* Proxima-Nova-Semibold.ttf in Resources */ = {isa = PBXBuildFile; fileRef = 9FF9A0DE17864EA68BB68419 /* Proxima-Nova-Semibold.ttf */; };
/* End PBXBuildFile section */

/* Begin PBXContainerItemProxy section */
		00E356F41AD99517003FC87E /* PBXContainerItemProxy */ = {
			isa = PBXContainerItemProxy;
			containerPortal = 83CBB9F71A601CBA00E9B192 /* Project object */;
			proxyType = 1;
			remoteGlobalIDString = 13B07F861A680F5B00A75B9A;
			remoteInfo = ClerkedApp;
		};
		2D02E4911E0B4A5D006451C7 /* PBXContainerItemProxy */ = {
			isa = PBXContainerItemProxy;
			containerPortal = 83CBB9F71A601CBA00E9B192 /* Project object */;
			proxyType = 1;
			remoteGlobalIDString = 2D02E47A1E0B4A5D006451C7;
			remoteInfo = "ClerkedApp-tvOS";
		};
/* End PBXContainerItemProxy section */

/* Begin PBXFileReference section */
		008F07F21AC5B25A0029DE68 /* main.jsbundle */ = {isa = PBXFileReference; fileEncoding = 4; lastKnownFileType = text; path = main.jsbundle; sourceTree = "<group>"; };
		00E356EE1AD99517003FC87E /* ClerkedAppTests.xctest */ = {isa = PBXFileReference; explicitFileType = wrapper.cfbundle; includeInIndex = 0; path = ClerkedAppTests.xctest; sourceTree = BUILT_PRODUCTS_DIR; };
		00E356F11AD99517003FC87E /* Info.plist */ = {isa = PBXFileReference; lastKnownFileType = text.plist.xml; path = Info.plist; sourceTree = "<group>"; };
		00E356F21AD99517003FC87E /* ClerkedAppTests.m */ = {isa = PBXFileReference; lastKnownFileType = sourcecode.c.objc; path = ClerkedAppTests.m; sourceTree = "<group>"; };
		13B07F961A680F5B00A75B9A /* ClerkedApp.app */ = {isa = PBXFileReference; explicitFileType = wrapper.application; includeInIndex = 0; path = ClerkedApp.app; sourceTree = BUILT_PRODUCTS_DIR; };
		13B07FAF1A68108700A75B9A /* AppDelegate.h */ = {isa = PBXFileReference; fileEncoding = 4; lastKnownFileType = sourcecode.c.h; name = AppDelegate.h; path = ClerkedApp/AppDelegate.h; sourceTree = "<group>"; };
		13B07FB01A68108700A75B9A /* AppDelegate.m */ = {isa = PBXFileReference; fileEncoding = 4; lastKnownFileType = sourcecode.c.objc; name = AppDelegate.m; path = ClerkedApp/AppDelegate.m; sourceTree = "<group>"; };
		13B07FB51A68108700A75B9A /* Images.xcassets */ = {isa = PBXFileReference; lastKnownFileType = folder.assetcatalog; name = Images.xcassets; path = ClerkedApp/Images.xcassets; sourceTree = "<group>"; };
		13B07FB61A68108700A75B9A /* Info.plist */ = {isa = PBXFileReference; fileEncoding = 4; lastKnownFileType = text.plist.xml; name = Info.plist; path = ClerkedApp/Info.plist; sourceTree = "<group>"; };
		13B07FB71A68108700A75B9A /* main.m */ = {isa = PBXFileReference; fileEncoding = 4; lastKnownFileType = sourcecode.c.objc; name = main.m; path = ClerkedApp/main.m; sourceTree = "<group>"; };
		2D02E47B1E0B4A5D006451C7 /* ClerkedApp-tvOS.app */ = {isa = PBXFileReference; explicitFileType = wrapper.application; includeInIndex = 0; path = "ClerkedApp-tvOS.app"; sourceTree = BUILT_PRODUCTS_DIR; };
		2D02E4901E0B4A5D006451C7 /* ClerkedApp-tvOSTests.xctest */ = {isa = PBXFileReference; explicitFileType = wrapper.cfbundle; includeInIndex = 0; path = "ClerkedApp-tvOSTests.xctest"; sourceTree = BUILT_PRODUCTS_DIR; };
		81AB9BB72411601600AC10FF /* LaunchScreen.storyboard */ = {isa = PBXFileReference; fileEncoding = 4; lastKnownFileType = file.storyboard; name = LaunchScreen.storyboard; path = ClerkedApp/LaunchScreen.storyboard; sourceTree = "<group>"; };
		ED297162215061F000B7C4FE /* JavaScriptCore.framework */ = {isa = PBXFileReference; lastKnownFileType = wrapper.framework; name = JavaScriptCore.framework; path = System/Library/Frameworks/JavaScriptCore.framework; sourceTree = SDKROOT; };
		ED2971642150620600B7C4FE /* JavaScriptCore.framework */ = {isa = PBXFileReference; lastKnownFileType = wrapper.framework; name = JavaScriptCore.framework; path = Platforms/AppleTVOS.platform/Developer/SDKs/AppleTVOS12.0.sdk/System/Library/Frameworks/JavaScriptCore.framework; sourceTree = DEVELOPER_DIR; };
		369A36F7DDA54529BF64B1E3 /* AntDesign.ttf */ = {isa = PBXFileReference; name = "AntDesign.ttf"; path = "../node_modules/react-native-vector-icons/Fonts/AntDesign.ttf"; sourceTree = "<group>"; fileEncoding = undefined; lastKnownFileType = unknown; explicitFileType = undefined; includeInIndex = 0; };
		DE983E09F4A546388B5C4A1B /* Entypo.ttf */ = {isa = PBXFileReference; name = "Entypo.ttf"; path = "../node_modules/react-native-vector-icons/Fonts/Entypo.ttf"; sourceTree = "<group>"; fileEncoding = undefined; lastKnownFileType = unknown; explicitFileType = undefined; includeInIndex = 0; };
		45DB702DCE23495E8C2C2800 /* EvilIcons.ttf */ = {isa = PBXFileReference; name = "EvilIcons.ttf"; path = "../node_modules/react-native-vector-icons/Fonts/EvilIcons.ttf"; sourceTree = "<group>"; fileEncoding = undefined; lastKnownFileType = unknown; explicitFileType = undefined; includeInIndex = 0; };
		3B02B4675A4343FF92F14172 /* Feather.ttf */ = {isa = PBXFileReference; name = "Feather.ttf"; path = "../node_modules/react-native-vector-icons/Fonts/Feather.ttf"; sourceTree = "<group>"; fileEncoding = undefined; lastKnownFileType = unknown; explicitFileType = undefined; includeInIndex = 0; };
		D6A53E78CE4E4385B19B23A3 /* FontAwesome.ttf */ = {isa = PBXFileReference; name = "FontAwesome.ttf"; path = "../node_modules/react-native-vector-icons/Fonts/FontAwesome.ttf"; sourceTree = "<group>"; fileEncoding = undefined; lastKnownFileType = unknown; explicitFileType = undefined; includeInIndex = 0; };
		0F81D1B8DA804062A3952554 /* FontAwesome5_Brands.ttf */ = {isa = PBXFileReference; name = "FontAwesome5_Brands.ttf"; path = "../node_modules/react-native-vector-icons/Fonts/FontAwesome5_Brands.ttf"; sourceTree = "<group>"; fileEncoding = undefined; lastKnownFileType = unknown; explicitFileType = undefined; includeInIndex = 0; };
		64B335EC53A748908A52F866 /* FontAwesome5_Regular.ttf */ = {isa = PBXFileReference; name = "FontAwesome5_Regular.ttf"; path = "../node_modules/react-native-vector-icons/Fonts/FontAwesome5_Regular.ttf"; sourceTree = "<group>"; fileEncoding = undefined; lastKnownFileType = unknown; explicitFileType = undefined; includeInIndex = 0; };
		5349F96283F04C488A86CF6A /* FontAwesome5_Solid.ttf */ = {isa = PBXFileReference; name = "FontAwesome5_Solid.ttf"; path = "../node_modules/react-native-vector-icons/Fonts/FontAwesome5_Solid.ttf"; sourceTree = "<group>"; fileEncoding = undefined; lastKnownFileType = unknown; explicitFileType = undefined; includeInIndex = 0; };
		F1AA73FF59074DC480AE2218 /* Fontisto.ttf */ = {isa = PBXFileReference; name = "Fontisto.ttf"; path = "../node_modules/react-native-vector-icons/Fonts/Fontisto.ttf"; sourceTree = "<group>"; fileEncoding = undefined; lastKnownFileType = unknown; explicitFileType = undefined; includeInIndex = 0; };
		28E96346FA994370B912F325 /* Foundation.ttf */ = {isa = PBXFileReference; name = "Foundation.ttf"; path = "../node_modules/react-native-vector-icons/Fonts/Foundation.ttf"; sourceTree = "<group>"; fileEncoding = undefined; lastKnownFileType = unknown; explicitFileType = undefined; includeInIndex = 0; };
		0C5B88BEAA38472CA7E701A9 /* Ionicons.ttf */ = {isa = PBXFileReference; name = "Ionicons.ttf"; path = "../node_modules/react-native-vector-icons/Fonts/Ionicons.ttf"; sourceTree = "<group>"; fileEncoding = undefined; lastKnownFileType = unknown; explicitFileType = undefined; includeInIndex = 0; };
		9D183A4D418B4288A47BDC3D /* MaterialCommunityIcons.ttf */ = {isa = PBXFileReference; name = "MaterialCommunityIcons.ttf"; path = "../node_modules/react-native-vector-icons/Fonts/MaterialCommunityIcons.ttf"; sourceTree = "<group>"; fileEncoding = undefined; lastKnownFileType = unknown; explicitFileType = undefined; includeInIndex = 0; };
		EA46E79E90624E41B9A99A43 /* MaterialIcons.ttf */ = {isa = PBXFileReference; name = "MaterialIcons.ttf"; path = "../node_modules/react-native-vector-icons/Fonts/MaterialIcons.ttf"; sourceTree = "<group>"; fileEncoding = undefined; lastKnownFileType = unknown; explicitFileType = undefined; includeInIndex = 0; };
		900102885ABD483DA9EB012F /* Octicons.ttf */ = {isa = PBXFileReference; name = "Octicons.ttf"; path = "../node_modules/react-native-vector-icons/Fonts/Octicons.ttf"; sourceTree = "<group>"; fileEncoding = undefined; lastKnownFileType = unknown; explicitFileType = undefined; includeInIndex = 0; };
		5738656D27554DE1B8A797A6 /* SimpleLineIcons.ttf */ = {isa = PBXFileReference; name = "SimpleLineIcons.ttf"; path = "../node_modules/react-native-vector-icons/Fonts/SimpleLineIcons.ttf"; sourceTree = "<group>"; fileEncoding = undefined; lastKnownFileType = unknown; explicitFileType = undefined; includeInIndex = 0; };
		957895265D244182A32EBDE3 /* Zocial.ttf */ = {isa = PBXFileReference; name = "Zocial.ttf"; path = "../node_modules/react-native-vector-icons/Fonts/Zocial.ttf"; sourceTree = "<group>"; fileEncoding = undefined; lastKnownFileType = unknown; explicitFileType = undefined; includeInIndex = 0; };
		A187BF4D2B1E4C5392AA89F3 /* AntDesign.ttf */ = {isa = PBXFileReference; name = "AntDesign.ttf"; path = "../node_modules/native-base/Fonts/AntDesign.ttf"; sourceTree = "<group>"; fileEncoding = undefined; lastKnownFileType = unknown; explicitFileType = undefined; includeInIndex = 0; };
		0F8F2C7D27E14AE182B2843F /* Entypo.ttf */ = {isa = PBXFileReference; name = "Entypo.ttf"; path = "../node_modules/native-base/Fonts/Entypo.ttf"; sourceTree = "<group>"; fileEncoding = undefined; lastKnownFileType = unknown; explicitFileType = undefined; includeInIndex = 0; };
		BD918A8D50D2405E9FB8E987 /* EvilIcons.ttf */ = {isa = PBXFileReference; name = "EvilIcons.ttf"; path = "../node_modules/native-base/Fonts/EvilIcons.ttf"; sourceTree = "<group>"; fileEncoding = undefined; lastKnownFileType = unknown; explicitFileType = undefined; includeInIndex = 0; };
		88398F4BC3064CECBC728B0A /* Feather.ttf */ = {isa = PBXFileReference; name = "Feather.ttf"; path = "../node_modules/native-base/Fonts/Feather.ttf"; sourceTree = "<group>"; fileEncoding = undefined; lastKnownFileType = unknown; explicitFileType = undefined; includeInIndex = 0; };
		F4B0D5C3CEE147D2AD82DB97 /* FontAwesome.ttf */ = {isa = PBXFileReference; name = "FontAwesome.ttf"; path = "../node_modules/native-base/Fonts/FontAwesome.ttf"; sourceTree = "<group>"; fileEncoding = undefined; lastKnownFileType = unknown; explicitFileType = undefined; includeInIndex = 0; };
		17E6C2F0292C4F59A6946B27 /* FontAwesome5_Brands.ttf */ = {isa = PBXFileReference; name = "FontAwesome5_Brands.ttf"; path = "../node_modules/native-base/Fonts/FontAwesome5_Brands.ttf"; sourceTree = "<group>"; fileEncoding = undefined; lastKnownFileType = unknown; explicitFileType = undefined; includeInIndex = 0; };
		AB4877590B2A4C188C3EBEC6 /* FontAwesome5_Regular.ttf */ = {isa = PBXFileReference; name = "FontAwesome5_Regular.ttf"; path = "../node_modules/native-base/Fonts/FontAwesome5_Regular.ttf"; sourceTree = "<group>"; fileEncoding = undefined; lastKnownFileType = unknown; explicitFileType = undefined; includeInIndex = 0; };
		2B250B1D3B894BCF89106B4D /* FontAwesome5_Solid.ttf */ = {isa = PBXFileReference; name = "FontAwesome5_Solid.ttf"; path = "../node_modules/native-base/Fonts/FontAwesome5_Solid.ttf"; sourceTree = "<group>"; fileEncoding = undefined; lastKnownFileType = unknown; explicitFileType = undefined; includeInIndex = 0; };
		137193D7F78E46EF99000E95 /* Fontisto.ttf */ = {isa = PBXFileReference; name = "Fontisto.ttf"; path = "../node_modules/native-base/Fonts/Fontisto.ttf"; sourceTree = "<group>"; fileEncoding = undefined; lastKnownFileType = unknown; explicitFileType = undefined; includeInIndex = 0; };
		3B3C1A3F25FC448DBAAA928C /* Foundation.ttf */ = {isa = PBXFileReference; name = "Foundation.ttf"; path = "../node_modules/native-base/Fonts/Foundation.ttf"; sourceTree = "<group>"; fileEncoding = undefined; lastKnownFileType = unknown; explicitFileType = undefined; includeInIndex = 0; };
		1551E2C1F54F4373AEDC92EA /* Ionicons.ttf */ = {isa = PBXFileReference; name = "Ionicons.ttf"; path = "../node_modules/native-base/Fonts/Ionicons.ttf"; sourceTree = "<group>"; fileEncoding = undefined; lastKnownFileType = unknown; explicitFileType = undefined; includeInIndex = 0; };
		218F05273D464896AC17C3FC /* MaterialCommunityIcons.ttf */ = {isa = PBXFileReference; name = "MaterialCommunityIcons.ttf"; path = "../node_modules/native-base/Fonts/MaterialCommunityIcons.ttf"; sourceTree = "<group>"; fileEncoding = undefined; lastKnownFileType = unknown; explicitFileType = undefined; includeInIndex = 0; };
		42B60757CBB94096A5515B44 /* MaterialIcons.ttf */ = {isa = PBXFileReference; name = "MaterialIcons.ttf"; path = "../node_modules/native-base/Fonts/MaterialIcons.ttf"; sourceTree = "<group>"; fileEncoding = undefined; lastKnownFileType = unknown; explicitFileType = undefined; includeInIndex = 0; };
		07C4277C41C745D48044CC2A /* Octicons.ttf */ = {isa = PBXFileReference; name = "Octicons.ttf"; path = "../node_modules/native-base/Fonts/Octicons.ttf"; sourceTree = "<group>"; fileEncoding = undefined; lastKnownFileType = unknown; explicitFileType = undefined; includeInIndex = 0; };
		FDBC91BF27CA46E2A5000FEE /* Roboto_medium.ttf */ = {isa = PBXFileReference; name = "Roboto_medium.ttf"; path = "../node_modules/native-base/Fonts/Roboto_medium.ttf"; sourceTree = "<group>"; fileEncoding = undefined; lastKnownFileType = unknown; explicitFileType = undefined; includeInIndex = 0; };
		9DC919E70FBE464CAA748197 /* Roboto.ttf */ = {isa = PBXFileReference; name = "Roboto.ttf"; path = "../node_modules/native-base/Fonts/Roboto.ttf"; sourceTree = "<group>"; fileEncoding = undefined; lastKnownFileType = unknown; explicitFileType = undefined; includeInIndex = 0; };
		0353A1E2DF5F4855930C24DC /* rubicon-icon-font.ttf */ = {isa = PBXFileReference; name = "rubicon-icon-font.ttf"; path = "../node_modules/native-base/Fonts/rubicon-icon-font.ttf"; sourceTree = "<group>"; fileEncoding = undefined; lastKnownFileType = unknown; explicitFileType = undefined; includeInIndex = 0; };
		24474F02C63946D88931EFE3 /* SimpleLineIcons.ttf */ = {isa = PBXFileReference; name = "SimpleLineIcons.ttf"; path = "../node_modules/native-base/Fonts/SimpleLineIcons.ttf"; sourceTree = "<group>"; fileEncoding = undefined; lastKnownFileType = unknown; explicitFileType = undefined; includeInIndex = 0; };
		C7DF333F549D468FA5E966C1 /* Zocial.ttf */ = {isa = PBXFileReference; name = "Zocial.ttf"; path = "../node_modules/native-base/Fonts/Zocial.ttf"; sourceTree = "<group>"; fileEncoding = undefined; lastKnownFileType = unknown; explicitFileType = undefined; includeInIndex = 0; };
		C3EDE27371CB4BBBBE7D8D8A /* Proxima Nova Alt Bold.otf */ = {isa = PBXFileReference; name = "Proxima Nova Alt Bold.otf"; path = "../src/assets/fonts/Proxima Nova Alt Bold.otf"; sourceTree = "<group>"; fileEncoding = undefined; lastKnownFileType = unknown; explicitFileType = undefined; includeInIndex = 0; };
		F314A48C1262434B837CB5F3 /* Proxima Nova Alt Light.otf */ = {isa = PBXFileReference; name = "Proxima Nova Alt Light.otf"; path = "../src/assets/fonts/Proxima Nova Alt Light.otf"; sourceTree = "<group>"; fileEncoding = undefined; lastKnownFileType = unknown; explicitFileType = undefined; includeInIndex = 0; };
		7295408FB4D348D6A3B5EFEA /* Proxima Nova Alt Thin.otf */ = {isa = PBXFileReference; name = "Proxima Nova Alt Thin.otf"; path = "../src/assets/fonts/Proxima Nova Alt Thin.otf"; sourceTree = "<group>"; fileEncoding = undefined; lastKnownFileType = unknown; explicitFileType = undefined; includeInIndex = 0; };
		013C5714A4474A47BCD31CE4 /* Proxima Nova Black.otf */ = {isa = PBXFileReference; name = "Proxima Nova Black.otf"; path = "../src/assets/fonts/Proxima Nova Black.otf"; sourceTree = "<group>"; fileEncoding = undefined; lastKnownFileType = unknown; explicitFileType = undefined; includeInIndex = 0; };
		CCD7A2F572334D718FCBEF11 /* Proxima-Nova-Bold.otf */ = {isa = PBXFileReference; name = "Proxima-Nova-Bold.otf"; path = "../src/assets/fonts/Proxima-Nova-Bold.otf"; sourceTree = "<group>"; fileEncoding = undefined; lastKnownFileType = unknown; explicitFileType = undefined; includeInIndex = 0; };
		7D8B6020A7704AF796F0DFFA /* Proxima Nova Extrabold.otf */ = {isa = PBXFileReference; name = "Proxima Nova Extrabold.otf"; path = "../src/assets/fonts/Proxima Nova Extrabold.otf"; sourceTree = "<group>"; fileEncoding = undefined; lastKnownFileType = unknown; explicitFileType = undefined; includeInIndex = 0; };
		57F65B399A00490C881A9C6E /* Proxima Nova Thin.otf */ = {isa = PBXFileReference; name = "Proxima Nova Thin.otf"; path = "../src/assets/fonts/Proxima Nova Thin.otf"; sourceTree = "<group>"; fileEncoding = undefined; lastKnownFileType = unknown; explicitFileType = undefined; includeInIndex = 0; };
		2C5C74A9CE804D469A2FD21D /* Proxima-Nova-Regular-Regular.otf */ = {isa = PBXFileReference; name = "Proxima-Nova-Regular-Regular.otf"; path = "../src/assets/fonts/Proxima-Nova-Regular-Regular.otf"; sourceTree = "<group>"; fileEncoding = undefined; lastKnownFileType = unknown; explicitFileType = undefined; includeInIndex = 0; };
		E882BA5741494E2A92337A40 /* Proxima-Nova-Regular.ttf */ = {isa = PBXFileReference; name = "Proxima-Nova-Regular.ttf"; path = "../src/assets/fonts/Proxima-Nova-Regular.ttf"; sourceTree = "<group>"; fileEncoding = undefined; lastKnownFileType = unknown; explicitFileType = undefined; includeInIndex = 0; };
		8134C88909C24AD9815EE23A /* FontsFree-Net-Proxima-Nova-Sbold.otf */ = {isa = PBXFileReference; name = "FontsFree-Net-Proxima-Nova-Sbold.otf"; path = "../src/assets/fonts/FontsFree-Net-Proxima-Nova-Sbold.otf"; sourceTree = "<group>"; fileEncoding = undefined; lastKnownFileType = unknown; explicitFileType = undefined; includeInIndex = 0; };
		65FF6AFDFC8B4F4294122029 /* Proxima Nova Semibold.ttf */ = {isa = PBXFileReference; name = "Proxima Nova Semibold.ttf"; path = "../src/assets/fonts/Proxima Nova Semibold.ttf"; sourceTree = "<group>"; fileEncoding = undefined; lastKnownFileType = unknown; explicitFileType = undefined; includeInIndex = 0; };
		C04C7A72DF1347C99B306ED3 /* Proxima-Nova-Bold.ttf */ = {isa = PBXFileReference; name = "Proxima-Nova-Bold.ttf"; path = "../src/assets/fonts/Proxima-Nova-Bold.ttf"; sourceTree = "<group>"; fileEncoding = undefined; lastKnownFileType = unknown; explicitFileType = undefined; includeInIndex = 0; };
		952A8B5FF7354E3D809B6267 /* Proxima-Nova-Regular.ttf */ = {isa = PBXFileReference; name = "Proxima-Nova-Regular.ttf"; path = "../src/assets/fonts/Proxima-Nova-Regular.ttf"; sourceTree = "<group>"; fileEncoding = undefined; lastKnownFileType = unknown; explicitFileType = undefined; includeInIndex = 0; };
		9FF9A0DE17864EA68BB68419 /* Proxima-Nova-Semibold.ttf */ = {isa = PBXFileReference; name = "Proxima-Nova-Semibold.ttf"; path = "../src/assets/fonts/Proxima-Nova-Semibold.ttf"; sourceTree = "<group>"; fileEncoding = undefined; lastKnownFileType = unknown; explicitFileType = undefined; includeInIndex = 0; };
/* End PBXFileReference section */

/* Begin PBXFrameworksBuildPhase section */
		00E356EB1AD99517003FC87E /* Frameworks */ = {
			isa = PBXFrameworksBuildPhase;
			buildActionMask = 2147483647;
			files = (
			);
			runOnlyForDeploymentPostprocessing = 0;
		};
		13B07F8C1A680F5B00A75B9A /* Frameworks */ = {
			isa = PBXFrameworksBuildPhase;
			buildActionMask = 2147483647;
			files = (
			);
			runOnlyForDeploymentPostprocessing = 0;
		};
		2D02E4781E0B4A5D006451C7 /* Frameworks */ = {
			isa = PBXFrameworksBuildPhase;
			buildActionMask = 2147483647;
			files = (
			);
			runOnlyForDeploymentPostprocessing = 0;
		};
		2D02E48D1E0B4A5D006451C7 /* Frameworks */ = {
			isa = PBXFrameworksBuildPhase;
			buildActionMask = 2147483647;
			files = (
			);
			runOnlyForDeploymentPostprocessing = 0;
		};
/* End PBXFrameworksBuildPhase section */

/* Begin PBXGroup section */
		00E356EF1AD99517003FC87E /* ClerkedAppTests */ = {
			isa = PBXGroup;
			children = (
				00E356F21AD99517003FC87E /* ClerkedAppTests.m */,
				00E356F01AD99517003FC87E /* Supporting Files */,
			);
			path = ClerkedAppTests;
			sourceTree = "<group>";
		};
		00E356F01AD99517003FC87E /* Supporting Files */ = {
			isa = PBXGroup;
			children = (
				00E356F11AD99517003FC87E /* Info.plist */,
			);
			name = "Supporting Files";
			sourceTree = "<group>";
		};
		13B07FAE1A68108700A75B9A /* ClerkedApp */ = {
			isa = PBXGroup;
			children = (
				008F07F21AC5B25A0029DE68 /* main.jsbundle */,
				13B07FAF1A68108700A75B9A /* AppDelegate.h */,
				13B07FB01A68108700A75B9A /* AppDelegate.m */,
				13B07FB51A68108700A75B9A /* Images.xcassets */,
				13B07FB61A68108700A75B9A /* Info.plist */,
				81AB9BB72411601600AC10FF /* LaunchScreen.storyboard */,
				13B07FB71A68108700A75B9A /* main.m */,
			);
			name = ClerkedApp;
			sourceTree = "<group>";
		};
		2D16E6871FA4F8E400B85C8A /* Frameworks */ = {
			isa = PBXGroup;
			children = (
				ED297162215061F000B7C4FE /* JavaScriptCore.framework */,
				ED2971642150620600B7C4FE /* JavaScriptCore.framework */,
			);
			name = Frameworks;
			sourceTree = "<group>";
		};
		832341AE1AAA6A7D00B99B32 /* Libraries */ = {
			isa = PBXGroup;
			children = (
			);
			name = Libraries;
			sourceTree = "<group>";
		};
		83CBB9F61A601CBA00E9B192 = {
			isa = PBXGroup;
			children = (
				13B07FAE1A68108700A75B9A /* ClerkedApp */,
				832341AE1AAA6A7D00B99B32 /* Libraries */,
				00E356EF1AD99517003FC87E /* ClerkedAppTests */,
				83CBBA001A601CBA00E9B192 /* Products */,
				2D16E6871FA4F8E400B85C8A /* Frameworks */,
				8E739FEB927346749710FE93 /* Resources */,
			);
			indentWidth = 2;
			sourceTree = "<group>";
			tabWidth = 2;
			usesTabs = 0;
		};
		83CBBA001A601CBA00E9B192 /* Products */ = {
			isa = PBXGroup;
			children = (
				13B07F961A680F5B00A75B9A /* ClerkedApp.app */,
				00E356EE1AD99517003FC87E /* ClerkedAppTests.xctest */,
				2D02E47B1E0B4A5D006451C7 /* ClerkedApp-tvOS.app */,
				2D02E4901E0B4A5D006451C7 /* ClerkedApp-tvOSTests.xctest */,
			);
			name = Products;
			sourceTree = "<group>";
		};
		8E739FEB927346749710FE93 /* Resources */ = {
			isa = "PBXGroup";
			children = (
				369A36F7DDA54529BF64B1E3 /* AntDesign.ttf */,
				DE983E09F4A546388B5C4A1B /* Entypo.ttf */,
				45DB702DCE23495E8C2C2800 /* EvilIcons.ttf */,
				3B02B4675A4343FF92F14172 /* Feather.ttf */,
				D6A53E78CE4E4385B19B23A3 /* FontAwesome.ttf */,
				0F81D1B8DA804062A3952554 /* FontAwesome5_Brands.ttf */,
				64B335EC53A748908A52F866 /* FontAwesome5_Regular.ttf */,
				5349F96283F04C488A86CF6A /* FontAwesome5_Solid.ttf */,
				F1AA73FF59074DC480AE2218 /* Fontisto.ttf */,
				28E96346FA994370B912F325 /* Foundation.ttf */,
				0C5B88BEAA38472CA7E701A9 /* Ionicons.ttf */,
				9D183A4D418B4288A47BDC3D /* MaterialCommunityIcons.ttf */,
				EA46E79E90624E41B9A99A43 /* MaterialIcons.ttf */,
				900102885ABD483DA9EB012F /* Octicons.ttf */,
				5738656D27554DE1B8A797A6 /* SimpleLineIcons.ttf */,
				957895265D244182A32EBDE3 /* Zocial.ttf */,
				A187BF4D2B1E4C5392AA89F3 /* AntDesign.ttf */,
				0F8F2C7D27E14AE182B2843F /* Entypo.ttf */,
				BD918A8D50D2405E9FB8E987 /* EvilIcons.ttf */,
				88398F4BC3064CECBC728B0A /* Feather.ttf */,
				F4B0D5C3CEE147D2AD82DB97 /* FontAwesome.ttf */,
				17E6C2F0292C4F59A6946B27 /* FontAwesome5_Brands.ttf */,
				AB4877590B2A4C188C3EBEC6 /* FontAwesome5_Regular.ttf */,
				2B250B1D3B894BCF89106B4D /* FontAwesome5_Solid.ttf */,
				137193D7F78E46EF99000E95 /* Fontisto.ttf */,
				3B3C1A3F25FC448DBAAA928C /* Foundation.ttf */,
				1551E2C1F54F4373AEDC92EA /* Ionicons.ttf */,
				218F05273D464896AC17C3FC /* MaterialCommunityIcons.ttf */,
				42B60757CBB94096A5515B44 /* MaterialIcons.ttf */,
				07C4277C41C745D48044CC2A /* Octicons.ttf */,
				FDBC91BF27CA46E2A5000FEE /* Roboto_medium.ttf */,
				9DC919E70FBE464CAA748197 /* Roboto.ttf */,
				0353A1E2DF5F4855930C24DC /* rubicon-icon-font.ttf */,
				24474F02C63946D88931EFE3 /* SimpleLineIcons.ttf */,
				C7DF333F549D468FA5E966C1 /* Zocial.ttf */,
				C3EDE27371CB4BBBBE7D8D8A /* Proxima Nova Alt Bold.otf */,
				F314A48C1262434B837CB5F3 /* Proxima Nova Alt Light.otf */,
				7295408FB4D348D6A3B5EFEA /* Proxima Nova Alt Thin.otf */,
				013C5714A4474A47BCD31CE4 /* Proxima Nova Black.otf */,
				CCD7A2F572334D718FCBEF11 /* Proxima-Nova-Bold.otf */,
				7D8B6020A7704AF796F0DFFA /* Proxima Nova Extrabold.otf */,
				57F65B399A00490C881A9C6E /* Proxima Nova Thin.otf */,
				2C5C74A9CE804D469A2FD21D /* Proxima-Nova-Regular-Regular.otf */,
				E882BA5741494E2A92337A40 /* Proxima-Nova-Regular.ttf */,
				8134C88909C24AD9815EE23A /* FontsFree-Net-Proxima-Nova-Sbold.otf */,
				65FF6AFDFC8B4F4294122029 /* Proxima Nova Semibold.ttf */,
				C04C7A72DF1347C99B306ED3 /* Proxima-Nova-Bold.ttf */,
				952A8B5FF7354E3D809B6267 /* Proxima-Nova-Regular.ttf */,
				9FF9A0DE17864EA68BB68419 /* Proxima-Nova-Semibold.ttf */,
			);
			name = Resources;
			sourceTree = "<group>";
			path = "";
		};
/* End PBXGroup section */

/* Begin PBXNativeTarget section */
		00E356ED1AD99517003FC87E /* ClerkedAppTests */ = {
			isa = PBXNativeTarget;
			buildConfigurationList = 00E357021AD99517003FC87E /* Build configuration list for PBXNativeTarget "ClerkedAppTests" */;
			buildPhases = (
				00E356EA1AD99517003FC87E /* Sources */,
				00E356EB1AD99517003FC87E /* Frameworks */,
				00E356EC1AD99517003FC87E /* Resources */,
			);
			buildRules = (
			);
			dependencies = (
				00E356F51AD99517003FC87E /* PBXTargetDependency */,
			);
			name = ClerkedAppTests;
			productName = ClerkedAppTests;
			productReference = 00E356EE1AD99517003FC87E /* ClerkedAppTests.xctest */;
			productType = "com.apple.product-type.bundle.unit-test";
		};
		13B07F861A680F5B00A75B9A /* ClerkedApp */ = {
			isa = PBXNativeTarget;
			buildConfigurationList = 13B07F931A680F5B00A75B9A /* Build configuration list for PBXNativeTarget "ClerkedApp" */;
			buildPhases = (
				FD10A7F022414F080027D42C /* Start Packager */,
				13B07F871A680F5B00A75B9A /* Sources */,
				13B07F8C1A680F5B00A75B9A /* Frameworks */,
				13B07F8E1A680F5B00A75B9A /* Resources */,
				00DD1BFF1BD5951E006B06BC /* Bundle React Native code and images */,
			);
			buildRules = (
			);
			dependencies = (
			);
			name = ClerkedApp;
			productName = ClerkedApp;
			productReference = 13B07F961A680F5B00A75B9A /* ClerkedApp.app */;
			productType = "com.apple.product-type.application";
		};
		2D02E47A1E0B4A5D006451C7 /* ClerkedApp-tvOS */ = {
			isa = PBXNativeTarget;
			buildConfigurationList = 2D02E4BA1E0B4A5E006451C7 /* Build configuration list for PBXNativeTarget "ClerkedApp-tvOS" */;
			buildPhases = (
				FD10A7F122414F3F0027D42C /* Start Packager */,
				2D02E4771E0B4A5D006451C7 /* Sources */,
				2D02E4781E0B4A5D006451C7 /* Frameworks */,
				2D02E4791E0B4A5D006451C7 /* Resources */,
				2D02E4CB1E0B4B27006451C7 /* Bundle React Native Code And Images */,
			);
			buildRules = (
			);
			dependencies = (
			);
			name = "ClerkedApp-tvOS";
			productName = "ClerkedApp-tvOS";
			productReference = 2D02E47B1E0B4A5D006451C7 /* ClerkedApp-tvOS.app */;
			productType = "com.apple.product-type.application";
		};
		2D02E48F1E0B4A5D006451C7 /* ClerkedApp-tvOSTests */ = {
			isa = PBXNativeTarget;
			buildConfigurationList = 2D02E4BB1E0B4A5E006451C7 /* Build configuration list for PBXNativeTarget "ClerkedApp-tvOSTests" */;
			buildPhases = (
				2D02E48C1E0B4A5D006451C7 /* Sources */,
				2D02E48D1E0B4A5D006451C7 /* Frameworks */,
				2D02E48E1E0B4A5D006451C7 /* Resources */,
			);
			buildRules = (
			);
			dependencies = (
				2D02E4921E0B4A5D006451C7 /* PBXTargetDependency */,
			);
			name = "ClerkedApp-tvOSTests";
			productName = "ClerkedApp-tvOSTests";
			productReference = 2D02E4901E0B4A5D006451C7 /* ClerkedApp-tvOSTests.xctest */;
			productType = "com.apple.product-type.bundle.unit-test";
		};
/* End PBXNativeTarget section */

/* Begin PBXProject section */
		83CBB9F71A601CBA00E9B192 /* Project object */ = {
			isa = PBXProject;
			attributes = {
				LastUpgradeCheck = 1130;
				TargetAttributes = {
					00E356ED1AD99517003FC87E = {
						CreatedOnToolsVersion = 6.2;
						TestTargetID = 13B07F861A680F5B00A75B9A;
					};
					13B07F861A680F5B00A75B9A = {
						LastSwiftMigration = 1120;
					};
					2D02E47A1E0B4A5D006451C7 = {
						CreatedOnToolsVersion = 8.2.1;
						ProvisioningStyle = Automatic;
					};
					2D02E48F1E0B4A5D006451C7 = {
						CreatedOnToolsVersion = 8.2.1;
						ProvisioningStyle = Automatic;
						TestTargetID = 2D02E47A1E0B4A5D006451C7;
					};
				};
			};
			buildConfigurationList = 83CBB9FA1A601CBA00E9B192 /* Build configuration list for PBXProject "ClerkedApp" */;
			compatibilityVersion = "Xcode 3.2";
			developmentRegion = en;
			hasScannedForEncodings = 0;
			knownRegions = (
				en,
				Base,
			);
			mainGroup = 83CBB9F61A601CBA00E9B192;
			productRefGroup = 83CBBA001A601CBA00E9B192 /* Products */;
			projectDirPath = "";
			projectRoot = "";
			targets = (
				13B07F861A680F5B00A75B9A /* ClerkedApp */,
				00E356ED1AD99517003FC87E /* ClerkedAppTests */,
				2D02E47A1E0B4A5D006451C7 /* ClerkedApp-tvOS */,
				2D02E48F1E0B4A5D006451C7 /* ClerkedApp-tvOSTests */,
			);
		};
/* End PBXProject section */

/* Begin PBXResourcesBuildPhase section */
		00E356EC1AD99517003FC87E /* Resources */ = {
			isa = PBXResourcesBuildPhase;
			buildActionMask = 2147483647;
			files = (
			);
			runOnlyForDeploymentPostprocessing = 0;
		};
		13B07F8E1A680F5B00A75B9A /* Resources */ = {
			isa = PBXResourcesBuildPhase;
			buildActionMask = 2147483647;
			files = (
				81AB9BB82411601600AC10FF /* LaunchScreen.storyboard in Resources */,
				13B07FBF1A68108700A75B9A /* Images.xcassets in Resources */,
				7525908EF640420C92FF951F /* AntDesign.ttf in Resources */,
				57EDA251F7A54BAAB69361E4 /* Entypo.ttf in Resources */,
				1208332992664DE1A77B3655 /* EvilIcons.ttf in Resources */,
				2DD109D1CFBB4CC3A83F3929 /* Feather.ttf in Resources */,
				38305F83E9D24744848D2EAC /* FontAwesome.ttf in Resources */,
				0AEC65B7929345FD8C0C14CF /* FontAwesome5_Brands.ttf in Resources */,
				86C08F77D27A4920B66DAD83 /* FontAwesome5_Regular.ttf in Resources */,
				8A9BDAF0AFE54408A8311EBD /* FontAwesome5_Solid.ttf in Resources */,
				6234FDA012F74B04B9AE4784 /* Fontisto.ttf in Resources */,
				47BA3F3FC6EF42EE91B29D2B /* Foundation.ttf in Resources */,
				1C6E8CF9F23149E9AAB5FBE6 /* Ionicons.ttf in Resources */,
				E664D5FDCE7E48C49EF04D5B /* MaterialCommunityIcons.ttf in Resources */,
				A1A53D693E1448C1976E740F /* MaterialIcons.ttf in Resources */,
				BC0C551BD79C4D98B1A0DF23 /* Octicons.ttf in Resources */,
				F68623954CCE401C883CD1D9 /* SimpleLineIcons.ttf in Resources */,
				D7644F83EE604C6C9CEADEC1 /* Zocial.ttf in Resources */,
				6E14515C048443A4A4B93C34 /* AntDesign.ttf in Resources */,
				09BC02D259744864822B0126 /* Entypo.ttf in Resources */,
				5DD2E5725DA9442CB8868348 /* EvilIcons.ttf in Resources */,
				2C7294CACA144CEA85A40479 /* Feather.ttf in Resources */,
				95B798F6159D47E9A6824A0F /* FontAwesome.ttf in Resources */,
				C68477A543184C75B63CBE49 /* FontAwesome5_Brands.ttf in Resources */,
				131DCD8ACCA543A4B96B4638 /* FontAwesome5_Regular.ttf in Resources */,
				2E485945BC7B4467B7128AE1 /* FontAwesome5_Solid.ttf in Resources */,
				D0B4269F209E40D19A95D921 /* Fontisto.ttf in Resources */,
				2A88C4DD28204167807A7384 /* Foundation.ttf in Resources */,
				5BD50AA3A6EA4AAB87929AF3 /* Ionicons.ttf in Resources */,
				688EAF8343694F77815E658E /* MaterialCommunityIcons.ttf in Resources */,
				0392C72BC25B4D64A42C1725 /* MaterialIcons.ttf in Resources */,
				7CE85D11909740CCA6A75A7E /* Octicons.ttf in Resources */,
				4F93F535AB394AA0BA90974A /* Roboto_medium.ttf in Resources */,
				73A9CA1BB3FB4B1B9F44D198 /* Roboto.ttf in Resources */,
				5A92F7DC9EC8444E83A125CB /* rubicon-icon-font.ttf in Resources */,
				18EFA1F8B8B64135BD9FAB68 /* SimpleLineIcons.ttf in Resources */,
				B3D2F71368DE49558E5906C1 /* Zocial.ttf in Resources */,
				9F810ECDFABA491C9988BBFD /* Proxima Nova Alt Bold.otf in Resources */,
				B38AFFD0D680402D84DAA98F /* Proxima Nova Alt Light.otf in Resources */,
				C1D61E602AAD4389A4189C21 /* Proxima Nova Alt Thin.otf in Resources */,
				739071CA2DF74A80B576E1F7 /* Proxima Nova Black.otf in Resources */,
				C2D440677506470E92DABE53 /* Proxima-Nova-Bold.otf in Resources */,
				6A625EF62D0946779151ABBD /* Proxima Nova Extrabold.otf in Resources */,
				4E9CE9CDEC2645959DAC3C72 /* Proxima Nova Thin.otf in Resources */,
				2B741D4008EE4A0280F998C9 /* Proxima-Nova-Regular-Regular.otf in Resources */,
				7996070F6126433D8D973261 /* Proxima-Nova-Regular.ttf in Resources */,
				0018E7EB03B24BF5A27D400A /* FontsFree-Net-Proxima-Nova-Sbold.otf in Resources */,
				1D2970249E3747E39EFCF3AF /* Proxima Nova Semibold.ttf in Resources */,
				4FC11EFB09CA4A4FBBF03483 /* Proxima-Nova-Bold.ttf in Resources */,
				A631963948E14A7B94D6B1A1 /* Proxima-Nova-Regular.ttf in Resources */,
				93349FB72DEE43D1AA566726 /* Proxima-Nova-Semibold.ttf in Resources */,
			);
			runOnlyForDeploymentPostprocessing = 0;
		};
		2D02E4791E0B4A5D006451C7 /* Resources */ = {
			isa = PBXResourcesBuildPhase;
			buildActionMask = 2147483647;
			files = (
				2D02E4BD1E0B4A84006451C7 /* Images.xcassets in Resources */,
			);
			runOnlyForDeploymentPostprocessing = 0;
		};
		2D02E48E1E0B4A5D006451C7 /* Resources */ = {
			isa = PBXResourcesBuildPhase;
			buildActionMask = 2147483647;
			files = (
			);
			runOnlyForDeploymentPostprocessing = 0;
		};
/* End PBXResourcesBuildPhase section */

/* Begin PBXShellScriptBuildPhase section */
		00DD1BFF1BD5951E006B06BC /* Bundle React Native code and images */ = {
			isa = PBXShellScriptBuildPhase;
			buildActionMask = 2147483647;
			files = (
			);
			inputPaths = (
			);
			name = "Bundle React Native code and images";
			outputPaths = (
			);
			runOnlyForDeploymentPostprocessing = 0;
			shellPath = /bin/sh;
			shellScript = "export NODE_BINARY=node\n../node_modules/react-native/scripts/react-native-xcode.sh";
		};
		2D02E4CB1E0B4B27006451C7 /* Bundle React Native Code And Images */ = {
			isa = PBXShellScriptBuildPhase;
			buildActionMask = 2147483647;
			files = (
			);
			inputPaths = (
			);
			name = "Bundle React Native Code And Images";
			outputPaths = (
			);
			runOnlyForDeploymentPostprocessing = 0;
			shellPath = /bin/sh;
			shellScript = "export NODE_BINARY=node\n../node_modules/react-native/scripts/react-native-xcode.sh";
		};
		FD10A7F022414F080027D42C /* Start Packager */ = {
			isa = PBXShellScriptBuildPhase;
			buildActionMask = 2147483647;
			files = (
			);
			inputFileListPaths = (
			);
			inputPaths = (
			);
			name = "Start Packager";
			outputFileListPaths = (
			);
			outputPaths = (
			);
			runOnlyForDeploymentPostprocessing = 0;
			shellPath = /bin/sh;
			shellScript = "export RCT_METRO_PORT=\"${RCT_METRO_PORT:=8081}\"\necho \"export RCT_METRO_PORT=${RCT_METRO_PORT}\" > \"${SRCROOT}/../node_modules/react-native/scripts/.packager.env\"\nif [ -z \"${RCT_NO_LAUNCH_PACKAGER+xxx}\" ] ; then\n  if nc -w 5 -z localhost ${RCT_METRO_PORT} ; then\n    if ! curl -s \"http://localhost:${RCT_METRO_PORT}/status\" | grep -q \"packager-status:running\" ; then\n      echo \"Port ${RCT_METRO_PORT} already in use, packager is either not running or not running correctly\"\n      exit 2\n    fi\n  else\n    open \"$SRCROOT/../node_modules/react-native/scripts/launchPackager.command\" || echo \"Can't start packager automatically\"\n  fi\nfi\n";
			showEnvVarsInLog = 0;
		};
		FD10A7F122414F3F0027D42C /* Start Packager */ = {
			isa = PBXShellScriptBuildPhase;
			buildActionMask = 2147483647;
			files = (
			);
			inputFileListPaths = (
			);
			inputPaths = (
			);
			name = "Start Packager";
			outputFileListPaths = (
			);
			outputPaths = (
			);
			runOnlyForDeploymentPostprocessing = 0;
			shellPath = /bin/sh;
			shellScript = "export RCT_METRO_PORT=\"${RCT_METRO_PORT:=8081}\"\necho \"export RCT_METRO_PORT=${RCT_METRO_PORT}\" > \"${SRCROOT}/../node_modules/react-native/scripts/.packager.env\"\nif [ -z \"${RCT_NO_LAUNCH_PACKAGER+xxx}\" ] ; then\n  if nc -w 5 -z localhost ${RCT_METRO_PORT} ; then\n    if ! curl -s \"http://localhost:${RCT_METRO_PORT}/status\" | grep -q \"packager-status:running\" ; then\n      echo \"Port ${RCT_METRO_PORT} already in use, packager is either not running or not running correctly\"\n      exit 2\n    fi\n  else\n    open \"$SRCROOT/../node_modules/react-native/scripts/launchPackager.command\" || echo \"Can't start packager automatically\"\n  fi\nfi\n";
			showEnvVarsInLog = 0;
		};
/* End PBXShellScriptBuildPhase section */

/* Begin PBXSourcesBuildPhase section */
		00E356EA1AD99517003FC87E /* Sources */ = {
			isa = PBXSourcesBuildPhase;
			buildActionMask = 2147483647;
			files = (
				00E356F31AD99517003FC87E /* ClerkedAppTests.m in Sources */,
			);
			runOnlyForDeploymentPostprocessing = 0;
		};
		13B07F871A680F5B00A75B9A /* Sources */ = {
			isa = PBXSourcesBuildPhase;
			buildActionMask = 2147483647;
			files = (
				13B07FBC1A68108700A75B9A /* AppDelegate.m in Sources */,
				13B07FC11A68108700A75B9A /* main.m in Sources */,
			);
			runOnlyForDeploymentPostprocessing = 0;
		};
		2D02E4771E0B4A5D006451C7 /* Sources */ = {
			isa = PBXSourcesBuildPhase;
			buildActionMask = 2147483647;
			files = (
				2D02E4BF1E0B4AB3006451C7 /* main.m in Sources */,
				2D02E4BC1E0B4A80006451C7 /* AppDelegate.m in Sources */,
			);
			runOnlyForDeploymentPostprocessing = 0;
		};
		2D02E48C1E0B4A5D006451C7 /* Sources */ = {
			isa = PBXSourcesBuildPhase;
			buildActionMask = 2147483647;
			files = (
				2DCD954D1E0B4F2C00145EB5 /* ClerkedAppTests.m in Sources */,
			);
			runOnlyForDeploymentPostprocessing = 0;
		};
/* End PBXSourcesBuildPhase section */

/* Begin PBXTargetDependency section */
		00E356F51AD99517003FC87E /* PBXTargetDependency */ = {
			isa = PBXTargetDependency;
			target = 13B07F861A680F5B00A75B9A /* ClerkedApp */;
			targetProxy = 00E356F41AD99517003FC87E /* PBXContainerItemProxy */;
		};
		2D02E4921E0B4A5D006451C7 /* PBXTargetDependency */ = {
			isa = PBXTargetDependency;
			target = 2D02E47A1E0B4A5D006451C7 /* ClerkedApp-tvOS */;
			targetProxy = 2D02E4911E0B4A5D006451C7 /* PBXContainerItemProxy */;
		};
/* End PBXTargetDependency section */

/* Begin XCBuildConfiguration section */
		00E356F61AD99517003FC87E /* Debug */ = {
			isa = XCBuildConfiguration;
			buildSettings = {
				BUNDLE_LOADER = "$(TEST_HOST)";
				GCC_PREPROCESSOR_DEFINITIONS = (
					"DEBUG=1",
					"$(inherited)",
				);
				INFOPLIST_FILE = ClerkedAppTests/Info.plist;
				IPHONEOS_DEPLOYMENT_TARGET = 10.0;
				LD_RUNPATH_SEARCH_PATHS = "$(inherited) @executable_path/Frameworks @loader_path/Frameworks";
				OTHER_LDFLAGS = (
					"-ObjC",
					"-lc++",
					"$(inherited)",
				);
				PRODUCT_BUNDLE_IDENTIFIER = "org.reactjs.native.example.$(PRODUCT_NAME:rfc1034identifier)";
				PRODUCT_NAME = "$(TARGET_NAME)";
				TEST_HOST = "$(BUILT_PRODUCTS_DIR)/ClerkedApp.app/ClerkedApp";
			};
			name = Debug;
		};
		00E356F71AD99517003FC87E /* Release */ = {
			isa = XCBuildConfiguration;
			buildSettings = {
				BUNDLE_LOADER = "$(TEST_HOST)";
				COPY_PHASE_STRIP = NO;
				INFOPLIST_FILE = ClerkedAppTests/Info.plist;
				IPHONEOS_DEPLOYMENT_TARGET = 10.0;
				LD_RUNPATH_SEARCH_PATHS = "$(inherited) @executable_path/Frameworks @loader_path/Frameworks";
				OTHER_LDFLAGS = (
					"-ObjC",
					"-lc++",
					"$(inherited)",
				);
				PRODUCT_BUNDLE_IDENTIFIER = "org.reactjs.native.example.$(PRODUCT_NAME:rfc1034identifier)";
				PRODUCT_NAME = "$(TARGET_NAME)";
				TEST_HOST = "$(BUILT_PRODUCTS_DIR)/ClerkedApp.app/ClerkedApp";
			};
			name = Release;
		};
		13B07F941A680F5B00A75B9A /* Debug */ = {
			isa = XCBuildConfiguration;
			buildSettings = {
				ASSETCATALOG_COMPILER_APPICON_NAME = AppIcon;
				CLANG_ENABLE_MODULES = YES;
				CURRENT_PROJECT_VERSION = 1;
				ENABLE_BITCODE = NO;
				INFOPLIST_FILE = ClerkedApp/Info.plist;
				LD_RUNPATH_SEARCH_PATHS = "$(inherited) @executable_path/Frameworks";
				OTHER_LDFLAGS = (
					"$(inherited)",
					"-ObjC",
					"-lc++",
				);
				PRODUCT_BUNDLE_IDENTIFIER = "org.reactjs.native.example.$(PRODUCT_NAME:rfc1034identifier)";
				PRODUCT_NAME = ClerkedApp;
				SWIFT_OPTIMIZATION_LEVEL = "-Onone";
				SWIFT_VERSION = 5.0;
				VERSIONING_SYSTEM = "apple-generic";
			};
			name = Debug;
		};
		13B07F951A680F5B00A75B9A /* Release */ = {
			isa = XCBuildConfiguration;
			buildSettings = {
				ASSETCATALOG_COMPILER_APPICON_NAME = AppIcon;
				CLANG_ENABLE_MODULES = YES;
				CURRENT_PROJECT_VERSION = 1;
				INFOPLIST_FILE = ClerkedApp/Info.plist;
				LD_RUNPATH_SEARCH_PATHS = "$(inherited) @executable_path/Frameworks";
				OTHER_LDFLAGS = (
					"$(inherited)",
					"-ObjC",
					"-lc++",
				);
				PRODUCT_BUNDLE_IDENTIFIER = "org.reactjs.native.example.$(PRODUCT_NAME:rfc1034identifier)";
				PRODUCT_NAME = ClerkedApp;
				SWIFT_VERSION = 5.0;
				VERSIONING_SYSTEM = "apple-generic";
			};
			name = Release;
		};
		2D02E4971E0B4A5E006451C7 /* Debug */ = {
			isa = XCBuildConfiguration;
			buildSettings = {
				ASSETCATALOG_COMPILER_APPICON_NAME = "App Icon & Top Shelf Image";
				ASSETCATALOG_COMPILER_LAUNCHIMAGE_NAME = LaunchImage;
				CLANG_ANALYZER_NONNULL = YES;
				CLANG_WARN_DOCUMENTATION_COMMENTS = YES;
				CLANG_WARN_INFINITE_RECURSION = YES;
				CLANG_WARN_SUSPICIOUS_MOVE = YES;
				DEBUG_INFORMATION_FORMAT = dwarf;
				ENABLE_TESTABILITY = YES;
				GCC_NO_COMMON_BLOCKS = YES;
				INFOPLIST_FILE = "ClerkedApp-tvOS/Info.plist";
				LD_RUNPATH_SEARCH_PATHS = "$(inherited) @executable_path/Frameworks";
				OTHER_LDFLAGS = (
					"$(inherited)",
					"-ObjC",
					"-lc++",
				);
				PRODUCT_BUNDLE_IDENTIFIER = "org.reactjs.native.example.ClerkedApp-tvOS";
				PRODUCT_NAME = "$(TARGET_NAME)";
				SDKROOT = appletvos;
				TARGETED_DEVICE_FAMILY = 3;
				TVOS_DEPLOYMENT_TARGET = 10.0;
			};
			name = Debug;
		};
		2D02E4981E0B4A5E006451C7 /* Release */ = {
			isa = XCBuildConfiguration;
			buildSettings = {
				ASSETCATALOG_COMPILER_APPICON_NAME = "App Icon & Top Shelf Image";
				ASSETCATALOG_COMPILER_LAUNCHIMAGE_NAME = LaunchImage;
				CLANG_ANALYZER_NONNULL = YES;
				CLANG_WARN_DOCUMENTATION_COMMENTS = YES;
				CLANG_WARN_INFINITE_RECURSION = YES;
				CLANG_WARN_SUSPICIOUS_MOVE = YES;
				COPY_PHASE_STRIP = NO;
				DEBUG_INFORMATION_FORMAT = "dwarf-with-dsym";
				GCC_NO_COMMON_BLOCKS = YES;
				INFOPLIST_FILE = "ClerkedApp-tvOS/Info.plist";
				LD_RUNPATH_SEARCH_PATHS = "$(inherited) @executable_path/Frameworks";
				OTHER_LDFLAGS = (
					"$(inherited)",
					"-ObjC",
					"-lc++",
				);
				PRODUCT_BUNDLE_IDENTIFIER = "org.reactjs.native.example.ClerkedApp-tvOS";
				PRODUCT_NAME = "$(TARGET_NAME)";
				SDKROOT = appletvos;
				TARGETED_DEVICE_FAMILY = 3;
				TVOS_DEPLOYMENT_TARGET = 10.0;
			};
			name = Release;
		};
		2D02E4991E0B4A5E006451C7 /* Debug */ = {
			isa = XCBuildConfiguration;
			buildSettings = {
				BUNDLE_LOADER = "$(TEST_HOST)";
				CLANG_ANALYZER_NONNULL = YES;
				CLANG_WARN_DOCUMENTATION_COMMENTS = YES;
				CLANG_WARN_INFINITE_RECURSION = YES;
				CLANG_WARN_SUSPICIOUS_MOVE = YES;
				DEBUG_INFORMATION_FORMAT = dwarf;
				ENABLE_TESTABILITY = YES;
				GCC_NO_COMMON_BLOCKS = YES;
				INFOPLIST_FILE = "ClerkedApp-tvOSTests/Info.plist";
				LD_RUNPATH_SEARCH_PATHS = "$(inherited) @executable_path/Frameworks @loader_path/Frameworks";
				OTHER_LDFLAGS = (
					"$(inherited)",
					"-ObjC",
					"-lc++",
				);
				PRODUCT_BUNDLE_IDENTIFIER = "org.reactjs.native.example.ClerkedApp-tvOSTests";
				PRODUCT_NAME = "$(TARGET_NAME)";
				SDKROOT = appletvos;
				TEST_HOST = "$(BUILT_PRODUCTS_DIR)/ClerkedApp-tvOS.app/ClerkedApp-tvOS";
				TVOS_DEPLOYMENT_TARGET = 10.1;
			};
			name = Debug;
		};
		2D02E49A1E0B4A5E006451C7 /* Release */ = {
			isa = XCBuildConfiguration;
			buildSettings = {
				BUNDLE_LOADER = "$(TEST_HOST)";
				CLANG_ANALYZER_NONNULL = YES;
				CLANG_WARN_DOCUMENTATION_COMMENTS = YES;
				CLANG_WARN_INFINITE_RECURSION = YES;
				CLANG_WARN_SUSPICIOUS_MOVE = YES;
				COPY_PHASE_STRIP = NO;
				DEBUG_INFORMATION_FORMAT = "dwarf-with-dsym";
				GCC_NO_COMMON_BLOCKS = YES;
				INFOPLIST_FILE = "ClerkedApp-tvOSTests/Info.plist";
				LD_RUNPATH_SEARCH_PATHS = "$(inherited) @executable_path/Frameworks @loader_path/Frameworks";
				OTHER_LDFLAGS = (
					"$(inherited)",
					"-ObjC",
					"-lc++",
				);
				PRODUCT_BUNDLE_IDENTIFIER = "org.reactjs.native.example.ClerkedApp-tvOSTests";
				PRODUCT_NAME = "$(TARGET_NAME)";
				SDKROOT = appletvos;
				TEST_HOST = "$(BUILT_PRODUCTS_DIR)/ClerkedApp-tvOS.app/ClerkedApp-tvOS";
				TVOS_DEPLOYMENT_TARGET = 10.1;
			};
			name = Release;
		};
		83CBBA201A601CBA00E9B192 /* Debug */ = {
			isa = XCBuildConfiguration;
			buildSettings = {
				ALWAYS_SEARCH_USER_PATHS = NO;
				CLANG_ANALYZER_LOCALIZABILITY_NONLOCALIZED = YES;
				CLANG_CXX_LANGUAGE_STANDARD = "gnu++0x";
				CLANG_CXX_LIBRARY = "libc++";
				CLANG_ENABLE_MODULES = YES;
				CLANG_ENABLE_OBJC_ARC = YES;
				CLANG_WARN_BLOCK_CAPTURE_AUTORELEASING = YES;
				CLANG_WARN_BOOL_CONVERSION = YES;
				CLANG_WARN_COMMA = YES;
				CLANG_WARN_CONSTANT_CONVERSION = YES;
				CLANG_WARN_DEPRECATED_OBJC_IMPLEMENTATIONS = YES;
				CLANG_WARN_DIRECT_OBJC_ISA_USAGE = YES_ERROR;
				CLANG_WARN_EMPTY_BODY = YES;
				CLANG_WARN_ENUM_CONVERSION = YES;
				CLANG_WARN_INFINITE_RECURSION = YES;
				CLANG_WARN_INT_CONVERSION = YES;
				CLANG_WARN_NON_LITERAL_NULL_CONVERSION = YES;
				CLANG_WARN_OBJC_IMPLICIT_RETAIN_SELF = YES;
				CLANG_WARN_OBJC_LITERAL_CONVERSION = YES;
				CLANG_WARN_OBJC_ROOT_CLASS = YES_ERROR;
				CLANG_WARN_RANGE_LOOP_ANALYSIS = YES;
				CLANG_WARN_STRICT_PROTOTYPES = YES;
				CLANG_WARN_SUSPICIOUS_MOVE = YES;
				CLANG_WARN_UNREACHABLE_CODE = YES;
				CLANG_WARN__DUPLICATE_METHOD_MATCH = YES;
				"CODE_SIGN_IDENTITY[sdk=iphoneos*]" = "iPhone Developer";
				COPY_PHASE_STRIP = NO;
				ENABLE_STRICT_OBJC_MSGSEND = YES;
				ENABLE_TESTABILITY = YES;
				GCC_C_LANGUAGE_STANDARD = gnu99;
				GCC_DYNAMIC_NO_PIC = NO;
				GCC_NO_COMMON_BLOCKS = YES;
				GCC_OPTIMIZATION_LEVEL = 0;
				GCC_PREPROCESSOR_DEFINITIONS = (
					"DEBUG=1",
					"$(inherited)",
				);
				GCC_SYMBOLS_PRIVATE_EXTERN = NO;
				GCC_WARN_64_TO_32_BIT_CONVERSION = YES;
				GCC_WARN_ABOUT_RETURN_TYPE = YES_ERROR;
				GCC_WARN_UNDECLARED_SELECTOR = YES;
				GCC_WARN_UNINITIALIZED_AUTOS = YES_AGGRESSIVE;
				GCC_WARN_UNUSED_FUNCTION = YES;
				GCC_WARN_UNUSED_VARIABLE = YES;
				IPHONEOS_DEPLOYMENT_TARGET = 10.0;
				LD_RUNPATH_SEARCH_PATHS = "/usr/lib/swift $(inherited)";
				LIBRARY_SEARCH_PATHS = (
					"\"$(TOOLCHAIN_DIR)/usr/lib/swift/$(PLATFORM_NAME)\"",
					"\"$(TOOLCHAIN_DIR)/usr/lib/swift-5.0/$(PLATFORM_NAME)\"",
					"\"$(inherited)\"",
				);
				MTL_ENABLE_DEBUG_INFO = YES;
				ONLY_ACTIVE_ARCH = YES;
				SDKROOT = iphoneos;
			};
			name = Debug;
		};
		83CBBA211A601CBA00E9B192 /* Release */ = {
			isa = XCBuildConfiguration;
			buildSettings = {
				ALWAYS_SEARCH_USER_PATHS = NO;
				CLANG_ANALYZER_LOCALIZABILITY_NONLOCALIZED = YES;
				CLANG_CXX_LANGUAGE_STANDARD = "gnu++0x";
				CLANG_CXX_LIBRARY = "libc++";
				CLANG_ENABLE_MODULES = YES;
				CLANG_ENABLE_OBJC_ARC = YES;
				CLANG_WARN_BLOCK_CAPTURE_AUTORELEASING = YES;
				CLANG_WARN_BOOL_CONVERSION = YES;
				CLANG_WARN_COMMA = YES;
				CLANG_WARN_CONSTANT_CONVERSION = YES;
				CLANG_WARN_DEPRECATED_OBJC_IMPLEMENTATIONS = YES;
				CLANG_WARN_DIRECT_OBJC_ISA_USAGE = YES_ERROR;
				CLANG_WARN_EMPTY_BODY = YES;
				CLANG_WARN_ENUM_CONVERSION = YES;
				CLANG_WARN_INFINITE_RECURSION = YES;
				CLANG_WARN_INT_CONVERSION = YES;
				CLANG_WARN_NON_LITERAL_NULL_CONVERSION = YES;
				CLANG_WARN_OBJC_IMPLICIT_RETAIN_SELF = YES;
				CLANG_WARN_OBJC_LITERAL_CONVERSION = YES;
				CLANG_WARN_OBJC_ROOT_CLASS = YES_ERROR;
				CLANG_WARN_RANGE_LOOP_ANALYSIS = YES;
				CLANG_WARN_STRICT_PROTOTYPES = YES;
				CLANG_WARN_SUSPICIOUS_MOVE = YES;
				CLANG_WARN_UNREACHABLE_CODE = YES;
				CLANG_WARN__DUPLICATE_METHOD_MATCH = YES;
				"CODE_SIGN_IDENTITY[sdk=iphoneos*]" = "iPhone Developer";
				COPY_PHASE_STRIP = YES;
				ENABLE_NS_ASSERTIONS = NO;
				ENABLE_STRICT_OBJC_MSGSEND = YES;
				GCC_C_LANGUAGE_STANDARD = gnu99;
				GCC_NO_COMMON_BLOCKS = YES;
				GCC_WARN_64_TO_32_BIT_CONVERSION = YES;
				GCC_WARN_ABOUT_RETURN_TYPE = YES_ERROR;
				GCC_WARN_UNDECLARED_SELECTOR = YES;
				GCC_WARN_UNINITIALIZED_AUTOS = YES_AGGRESSIVE;
				GCC_WARN_UNUSED_FUNCTION = YES;
				GCC_WARN_UNUSED_VARIABLE = YES;
				IPHONEOS_DEPLOYMENT_TARGET = 10.0;
				LD_RUNPATH_SEARCH_PATHS = "/usr/lib/swift $(inherited)";
				LIBRARY_SEARCH_PATHS = (
					"\"$(TOOLCHAIN_DIR)/usr/lib/swift/$(PLATFORM_NAME)\"",
					"\"$(TOOLCHAIN_DIR)/usr/lib/swift-5.0/$(PLATFORM_NAME)\"",
					"\"$(inherited)\"",
				);
				MTL_ENABLE_DEBUG_INFO = NO;
				SDKROOT = iphoneos;
				VALIDATE_PRODUCT = YES;
			};
			name = Release;
		};
/* End XCBuildConfiguration section */

/* Begin XCConfigurationList section */
		00E357021AD99517003FC87E /* Build configuration list for PBXNativeTarget "ClerkedAppTests" */ = {
			isa = XCConfigurationList;
			buildConfigurations = (
				00E356F61AD99517003FC87E /* Debug */,
				00E356F71AD99517003FC87E /* Release */,
			);
			defaultConfigurationIsVisible = 0;
			defaultConfigurationName = Release;
		};
		13B07F931A680F5B00A75B9A /* Build configuration list for PBXNativeTarget "ClerkedApp" */ = {
			isa = XCConfigurationList;
			buildConfigurations = (
				13B07F941A680F5B00A75B9A /* Debug */,
				13B07F951A680F5B00A75B9A /* Release */,
			);
			defaultConfigurationIsVisible = 0;
			defaultConfigurationName = Release;
		};
		2D02E4BA1E0B4A5E006451C7 /* Build configuration list for PBXNativeTarget "ClerkedApp-tvOS" */ = {
			isa = XCConfigurationList;
			buildConfigurations = (
				2D02E4971E0B4A5E006451C7 /* Debug */,
				2D02E4981E0B4A5E006451C7 /* Release */,
			);
			defaultConfigurationIsVisible = 0;
			defaultConfigurationName = Release;
		};
		2D02E4BB1E0B4A5E006451C7 /* Build configuration list for PBXNativeTarget "ClerkedApp-tvOSTests" */ = {
			isa = XCConfigurationList;
			buildConfigurations = (
				2D02E4991E0B4A5E006451C7 /* Debug */,
				2D02E49A1E0B4A5E006451C7 /* Release */,
			);
			defaultConfigurationIsVisible = 0;
			defaultConfigurationName = Release;
		};
		83CBB9FA1A601CBA00E9B192 /* Build configuration list for PBXProject "ClerkedApp" */ = {
			isa = XCConfigurationList;
			buildConfigurations = (
				83CBBA201A601CBA00E9B192 /* Debug */,
				83CBBA211A601CBA00E9B192 /* Release */,
			);
			defaultConfigurationIsVisible = 0;
			defaultConfigurationName = Release;
		};
/* End XCConfigurationList section */
	};
	rootObject = 83CBB9F71A601CBA00E9B192 /* Project object */;
}
